
Microsoft Visual Studio Solution File, Format Version 12.00
Project("{2150E333-8FDC-42A3-9474-1A3956D46DE8}") = "Practice2", "Practice2", "{65B78916-B970-4DAD-BF1F-519CB0AA0778}"
EndProject
Project("{FAE04EC0-301F-11D3-BF4B-00C04F79EFBC}") = "Practice2.Task1", "Practices\Practice2.Task1\Practice2.Task1.csproj", "{FB342C29-5166-46C3-AE4D-C85A4C9E1F89}"
EndProject
Project("{FAE04EC0-301F-11D3-BF4B-00C04F79EFBC}") = "Practice2.Task2", "Practices\Practice2.Task2\Practice2.Task2.csproj", "{16057400-2B03-46C0-B39D-7FCD0C9CEF40}"
EndProject
Project("{FAE04EC0-301F-11D3-BF4B-00C04F79EFBC}") = "Practice2.Task3", "Practices\Practice2.Task3\Practice2.Task3.csproj", "{19FEC678-3D8D-4271-A78F-A9A04B41B932}"
EndProject
Project("{FAE04EC0-301F-11D3-BF4B-00C04F79EFBC}") = "Practice2.Task4", "Practices\Practice2.Task4\Practice2.Task4.csproj", "{1C945E17-018A-4923-A815-68FBB04C9A89}"
EndProject
Project("{FAE04EC0-301F-11D3-BF4B-00C04F79EFBC}") = "Practice2.Task5", "Practices\Practice2.Task5\Practice2.Task5.csproj", "{0436160E-9E7F-438C-A028-1E3F69C4C0C8}"
EndProject
Project("{FAE04EC0-301F-11D3-BF4B-00C04F79EFBC}") = "Practice2.Task6", "Practices\Practice2.Task6\Practice2.Task6.csproj", "{9A1ADCCE-B99D-4C04-80EF-3A8B290B2FE3}"
EndProject
Project("{FAE04EC0-301F-11D3-BF4B-00C04F79EFBC}") = "Practice2.Task7", "Practices\Practice2.Task7\Practice2.Task7.csproj", "{F30FDE6A-74D3-4F81-BA14-E6FCFABAB70A}"
EndProject
Project("{FAE04EC0-301F-11D3-BF4B-00C04F79EFBC}") = "Practice2.Task8", "Practices\Practice2.Task8\Practice2.Task8.csproj", "{14043404-4FB6-401D-8342-E779DC977393}"
EndProject
Project("{FAE04EC0-301F-11D3-BF4B-00C04F79EFBC}") = "Practice2.Task9", "Practices\Practice2.Task9\Practice2.Task9.csproj", "{B53B196F-16DA-48F5-9AC2-45051B9F1708}"
EndProject
Project("{FAE04EC0-301F-11D3-BF4B-00C04F79EFBC}") = "Practice2.Task10", "Practices\Practice2.Task10\Practice2.Task10.csproj", "{F714B245-B643-489A-8C16-B971B02A6FEE}"
EndProject
Project("{FAE04EC0-301F-11D3-BF4B-00C04F79EFBC}") = "Practice2.Task11", "Practices\Practice2.Task11\Practice2.Task11.csproj", "{ED4B2B06-D940-44DF-BDEA-14B901055EF9}"
EndProject
Project("{FAE04EC0-301F-11D3-BF4B-00C04F79EFBC}") = "Practice2.Task12", "Practices\Practice2.Task12\Practice2.Task12.csproj", "{4CC97E7D-79AA-4183-A9CE-2D7A7A977829}"
EndProject
Project("{FAE04EC0-301F-11D3-BF4B-00C04F79EFBC}") = "Practice2.Task13", "Practices\Practice2.Task13\Practice2.Task13.csproj", "{C76AC8F8-D4AC-4F63-97D6-2F2B84982CF5}"
EndProject
Project("{FAE04EC0-301F-11D3-BF4B-00C04F79EFBC}") = "Practice2.Task14", "Practices\Practice2.Task14\Practice2.Task14.csproj", "{0A6C9AB4-34D6-44EF-9ACF-370FC3D86468}"
EndProject
Project("{FAE04EC0-301F-11D3-BF4B-00C04F79EFBC}") = "Practice2.Task15", "Practices\Practice2.Task15\Practice2.Task15.csproj", "{255D3E9B-F5D6-4122-A235-061AFEC35DDE}"
EndProject
Project("{FAE04EC0-301F-11D3-BF4B-00C04F79EFBC}") = "Practice2.Task16", "Practices\Practice2.Task16\Practice2.Task16.csproj", "{38F0EFDD-D658-42D0-9D9B-8E808F5929FF}"
EndProject
Project("{FAE04EC0-301F-11D3-BF4B-00C04F79EFBC}") = "Practice2.Task17", "Practices\Practice2.Task17\Practice2.Task17.csproj", "{551B8ECA-1CDB-4101-A1E9-F43B43D94121}"
EndProject
Project("{FAE04EC0-301F-11D3-BF4B-00C04F79EFBC}") = "Practice2.Task18", "Practices\Practice2.Task18\Practice2.Task18.csproj", "{F3742245-BAD5-448B-9DFA-A1339CDEAE3E}"
EndProject
Project("{FAE04EC0-301F-11D3-BF4B-00C04F79EFBC}") = "Practice2.Task19", "Practices\Practice2.Task19\Practice2.Task19.csproj", "{F6061BFF-EF52-4510-A3F3-24DC56CA8C0F}"
EndProject
Project("{FAE04EC0-301F-11D3-BF4B-00C04F79EFBC}") = "Practice2.Task20", "Practices\Practice2.Task20\Practice2.Task20.csproj", "{712D301C-8DC6-44C1-A6A9-DCAD527C3F46}"
EndProject
Project("{FAE04EC0-301F-11D3-BF4B-00C04F79EFBC}") = "Practice2.Task21", "Practices\Practice2.Task21\Practice2.Task21.csproj", "{25B155B4-2FA7-4FD0-854C-6EA0D88B75F5}"
EndProject
Project("{FAE04EC0-301F-11D3-BF4B-00C04F79EFBC}") = "Practice2.Task22", "Practices\Practice2.Task22\Practice2.Task22.csproj", "{54FCBC5D-5F1C-4D55-A810-AD7C6AED57D9}"
EndProject
Project("{FAE04EC0-301F-11D3-BF4B-00C04F79EFBC}") = "Practice2.Task23", "Practices\Practice2.Task23\Practice2.Task23.csproj", "{55D62970-23A0-4C5B-9949-4381E42A1C98}"
EndProject
Project("{FAE04EC0-301F-11D3-BF4B-00C04F79EFBC}") = "Practice2.Task24", "Practices\Practice2.Task24\Practice2.Task24.csproj", "{1511E584-C0CB-49BC-BCEC-1BBFE9ADB51A}"
EndProject
Project("{FAE04EC0-301F-11D3-BF4B-00C04F79EFBC}") = "Practice2.Task25", "Practices\Practice2.Task25\Practice2.Task25.csproj", "{56E3D8C2-0B2A-4572-8E50-1B5B1C1E0BE5}"
EndProject
Project("{2150E333-8FDC-42A3-9474-1A3956D46DE8}") = "Practice3", "Practice3", "{7981BCDF-2002-4FEF-8665-DF389393228D}"
EndProject
Project("{FAE04EC0-301F-11D3-BF4B-00C04F79EFBC}") = "Practice3.Task1", "Practices\Practice3.Task1\Practice3.Task1.csproj", "{767FE6D0-9E37-4C5C-9F89-26DC8F1F4B35}"
EndProject
Project("{FAE04EC0-301F-11D3-BF4B-00C04F79EFBC}") = "Practice3.Task2", "Practices\Practice3.Task2\Practice3.Task2.csproj", "{D281DBE0-A26C-4B46-AE83-977EA8EB8A29}"
EndProject
Project("{FAE04EC0-301F-11D3-BF4B-00C04F79EFBC}") = "Practice3.Task3", "Practices\Practice3.Task3\Practice3.Task3.csproj", "{5E2690C7-B18A-4160-94F2-760B6FE50A66}"
EndProject
Project("{FAE04EC0-301F-11D3-BF4B-00C04F79EFBC}") = "Practice3.Task4", "Practices\Practice3.Task4\Practice3.Task4.csproj", "{CFA14990-F553-4CB7-9546-B63713B7AE25}"
EndProject
Project("{FAE04EC0-301F-11D3-BF4B-00C04F79EFBC}") = "Practice3.Task5", "Practices\Practice3.Task5\Practice3.Task5.csproj", "{245A7B6D-A2ED-4DCE-8936-94F7CD2CE72F}"
EndProject
Project("{FAE04EC0-301F-11D3-BF4B-00C04F79EFBC}") = "Practice3.Task6", "Practices\Practice3.Task6\Practice3.Task6.csproj", "{6CF0767E-8C88-43CB-8946-CCA870DDA1A7}"
EndProject
Project("{FAE04EC0-301F-11D3-BF4B-00C04F79EFBC}") = "Practice3.Task7", "Practices\Practice3.Task7\Practice3.Task7.csproj", "{138022A7-0832-457C-9CF8-CB79B6F1CEB9}"
EndProject
Project("{FAE04EC0-301F-11D3-BF4B-00C04F79EFBC}") = "Practice3.Task8", "Practices\Practice3.Task8\Practice3.Task8.csproj", "{F5A94475-EB33-4560-AF7C-C13A717B2387}"
EndProject
Project("{FAE04EC0-301F-11D3-BF4B-00C04F79EFBC}") = "Practice3.Task9", "Practices\Practice3.Task9\Practice3.Task9.csproj", "{2FD86DC8-DF72-4A59-A91A-E8B9185C31A6}"
EndProject
Project("{FAE04EC0-301F-11D3-BF4B-00C04F79EFBC}") = "Practice3.Task10", "Practices\Practice3.Task10\Practice3.Task10.csproj", "{64DE40AC-B90A-4040-AF25-EED5C52C2C7F}"
EndProject
Project("{FAE04EC0-301F-11D3-BF4B-00C04F79EFBC}") = "Practice3.Task11", "Practices\Practice3.Task11\Practice3.Task11.csproj", "{316ABD3A-DF97-49E9-8428-D64527ABA6B7}"
EndProject
Project("{2150E333-8FDC-42A3-9474-1A3956D46DE8}") = "Practice3.Part2", "Practice3.Part2", "{C1F6458C-6E13-4DD4-8BB8-BD3EA9417A5C}"
EndProject
Project("{FAE04EC0-301F-11D3-BF4B-00C04F79EFBC}") = "Practice3.Prat2.Task1", "Practices\Practice3.Prat2.Task1\Practice3.Prat2.Task1.csproj", "{4AD8475B-5AB5-4E36-8749-7CD73AFBE1A1}"
EndProject
Project("{FAE04EC0-301F-11D3-BF4B-00C04F79EFBC}") = "Practice3.Prat2.Task2", "Practices\Practice3.Prat2.Task2\Practice3.Prat2.Task2.csproj", "{3ACC5BF6-3F49-4964-B4B8-B823DD5B29BC}"
EndProject
Project("{FAE04EC0-301F-11D3-BF4B-00C04F79EFBC}") = "Practice3.Part2.Task3", "Practices\Practice3.Part2.Task3\Practice3.Part2.Task3.csproj", "{C76CA825-C470-45BD-9605-84DCD06AE6D1}"
EndProject
Project("{2150E333-8FDC-42A3-9474-1A3956D46DE8}") = "Calculator", "Calculator", "{20493AA1-94C1-4FA0-AB41-1A0C3095A79C}"
EndProject
Project("{2150E333-8FDC-42A3-9474-1A3956D46DE8}") = "Person", "Person", "{E52F0726-3B23-460D-8870-5A64871AD19E}"
EndProject
Project("{FAE04EC0-301F-11D3-BF4B-00C04F79EFBC}") = "Practice3.Part2.Task3.1", "Practices\Practice3.Part2.Task3.1\Practice3.Part2.Task3.1.csproj", "{42C8E1E7-40E0-4787-A326-56049625E5E8}"
EndProject
Project("{2150E333-8FDC-42A3-9474-1A3956D46DE8}") = "Practice4", "Practice4", "{3845A947-78DD-49DE-B0B3-2A66F06D25C6}"
EndProject
Project("{FAE04EC0-301F-11D3-BF4B-00C04F79EFBC}") = "Practice4.Task1", "Practices\Practice4.Task1\Practice4.Task1.csproj", "{0A960466-A61C-4C2B-B977-3B21E379846B}"
EndProject
Project("{FAE04EC0-301F-11D3-BF4B-00C04F79EFBC}") = "Practice4.Task2", "Practices\Practice4.Task2\Practice4.Task2.csproj", "{3BF2BECC-64D2-41AD-A9EA-2A48FAACE977}"
EndProject
Project("{FAE04EC0-301F-11D3-BF4B-00C04F79EFBC}") = "Practice4.Task3", "Practices\Practice4.Task3\Practice4.Task3.csproj", "{EE1B1407-E820-4698-A201-4CD19D045E6F}"
EndProject
Project("{2150E333-8FDC-42A3-9474-1A3956D46DE8}") = "Practice4.Part2.OOP", "Practice4.Part2.OOP", "{FF340012-88A7-4E39-8D73-7C6283113AF4}"
EndProject
Project("{FAE04EC0-301F-11D3-BF4B-00C04F79EFBC}") = "Practice4.Part2.Task1", "Practices\Practice4.Part2.Task1\Practice4.Part2.Task1.csproj", "{8591706C-22BF-4C9B-B376-D76AA499C272}"
EndProject
Project("{FAE04EC0-301F-11D3-BF4B-00C04F79EFBC}") = "Practice4.Part2.Task2", "Practices\Practice4.Part2.Task2\Practice4.Part2.Task2.csproj", "{A4995097-02D1-4257-8329-850E708D420F}"
EndProject
Project("{FAE04EC0-301F-11D3-BF4B-00C04F79EFBC}") = "Practice4.Part2.Task3", "Practices\Practice4.Part2.Task3\Practice4.Part2.Task3.csproj", "{634D6AC1-3B0E-4D1C-A455-32661822223F}"
EndProject
Project("{FAE04EC0-301F-11D3-BF4B-00C04F79EFBC}") = "Practice4.Part2.Task4", "Practices\Practice4.Part2.Task4\Practice4.Part2.Task4.csproj", "{04BA36EB-63A8-4341-8527-852D598D427E}"
EndProject
Project("{FAE04EC0-301F-11D3-BF4B-00C04F79EFBC}") = "Practice4.Part2.Task5", "Practices\Practice4.Part2.Task5\Practice4.Part2.Task5.csproj", "{9DAE16FA-22F3-4599-9AAB-ED1BEA2A9412}"
EndProject
Project("{FAE04EC0-301F-11D3-BF4B-00C04F79EFBC}") = "Practice4.Part2.Task6", "Practices\Practice4.Part2.Task6\Practice4.Part2.Task6.csproj", "{1841D0E9-2C7A-4833-9E91-5505120795AD}"
EndProject
Project("{FAE04EC0-301F-11D3-BF4B-00C04F79EFBC}") = "Practice4.Part2.Task7", "Practices\Practice4.Part2.Task7\Practice4.Part2.Task7.csproj", "{4E7F52F7-A14E-4737-8BBC-C0D9DCF8597A}"
EndProject
Project("{FAE04EC0-301F-11D3-BF4B-00C04F79EFBC}") = "Practice4.Part2.Task8", "Practices\Practice4.Part2.Task8\Practice4.Part2.Task8.csproj", "{CC306ACF-20D8-46CC-B7E3-00576DF4D469}"
EndProject
Project("{FAE04EC0-301F-11D3-BF4B-00C04F79EFBC}") = "Practice4.Part2.Task9", "Practices\Practice4.Part2.Task9\Practice4.Part2.Task9.csproj", "{D2EB347D-6442-4A66-A697-B52FB914428F}"
EndProject
Project("{FAE04EC0-301F-11D3-BF4B-00C04F79EFBC}") = "Practice4.Part2.Task10", "Practices\Practice4.Part2.Task10\Practice4.Part2.Task10.csproj", "{3F583696-948E-40E0-8CBC-71A87CC5D42A}"
EndProject
Project("{FAE04EC0-301F-11D3-BF4B-00C04F79EFBC}") = "Practice4.Part2.Task11", "Practices\Practice4.Part2.Task11\Practice4.Part2.Task11.csproj", "{6517D879-4675-4414-86B8-13FF3D77A502}"
EndProject
Project("{FAE04EC0-301F-11D3-BF4B-00C04F79EFBC}") = "Practice4.Part2.Task12", "Practices\Practice4.Part2.Task12\Practice4.Part2.Task12.csproj", "{31B97A95-4AA7-437F-8C7C-4BCDF7DD347F}"
EndProject
Project("{2150E333-8FDC-42A3-9474-1A3956D46DE8}") = "Practice.Interface", "Practice.Interface", "{9D08CFF1-48C0-4C65-807A-795E8E3ED90B}"
EndProject
Project("{FAE04EC0-301F-11D3-BF4B-00C04F79EFBC}") = "Practice.Task1.Interface", "Practices\Practice.Task1.Interface\Practice.Task1.Interface.csproj", "{DAD45C33-7F06-4E08-9DD3-FC6337637997}"
EndProject
Project("{2150E333-8FDC-42A3-9474-1A3956D46DE8}") = "Practice.Exceptions", "Practice.Exceptions", "{6DD9D9B8-9B2C-4F95-937B-020E9D81DFD5}"
EndProject
Project("{FAE04EC0-301F-11D3-BF4B-00C04F79EFBC}") = "Practice.Task1.Exceptions", "Practices\Practice.Task1.Exceptions\Practice.Task1.Exceptions.csproj", "{2E402447-7995-4059-8055-19B64CE0468E}"
EndProject
Project("{FAE04EC0-301F-11D3-BF4B-00C04F79EFBC}") = "Practice.Task2.Exceptions", "Practices\Practice.Task2.Exceptions\Practice.Task2.Exceptions.csproj", "{483EEAC9-B270-4FBE-8599-1FA2C1343CCE}"
EndProject
Project("{FAE04EC0-301F-11D3-BF4B-00C04F79EFBC}") = "Practice.Task3.Exceptions", "Practices\Practice.Task3.Exceptions\Practice.Task3.Exceptions.csproj", "{62143163-3952-43A3-B4E3-9B7D9FB16102}"
EndProject
Project("{FAE04EC0-301F-11D3-BF4B-00C04F79EFBC}") = "Practice.Task4.Exceptions", "Practices\Practice.Task4.Exceptions\Practice.Task4.Exceptions.csproj", "{BE5A7B5E-5D6D-4BB4-99BF-4534346647D0}"
EndProject
Global
	GlobalSection(SolutionConfigurationPlatforms) = preSolution
		Debug|Any CPU = Debug|Any CPU
		Release|Any CPU = Release|Any CPU
	EndGlobalSection
	GlobalSection(NestedProjects) = preSolution
		{FB342C29-5166-46C3-AE4D-C85A4C9E1F89} = {65B78916-B970-4DAD-BF1F-519CB0AA0778}
		{16057400-2B03-46C0-B39D-7FCD0C9CEF40} = {65B78916-B970-4DAD-BF1F-519CB0AA0778}
		{19FEC678-3D8D-4271-A78F-A9A04B41B932} = {65B78916-B970-4DAD-BF1F-519CB0AA0778}
		{1C945E17-018A-4923-A815-68FBB04C9A89} = {65B78916-B970-4DAD-BF1F-519CB0AA0778}
		{0436160E-9E7F-438C-A028-1E3F69C4C0C8} = {65B78916-B970-4DAD-BF1F-519CB0AA0778}
		{9A1ADCCE-B99D-4C04-80EF-3A8B290B2FE3} = {65B78916-B970-4DAD-BF1F-519CB0AA0778}
		{F30FDE6A-74D3-4F81-BA14-E6FCFABAB70A} = {65B78916-B970-4DAD-BF1F-519CB0AA0778}
		{14043404-4FB6-401D-8342-E779DC977393} = {65B78916-B970-4DAD-BF1F-519CB0AA0778}
		{B53B196F-16DA-48F5-9AC2-45051B9F1708} = {65B78916-B970-4DAD-BF1F-519CB0AA0778}
		{F714B245-B643-489A-8C16-B971B02A6FEE} = {65B78916-B970-4DAD-BF1F-519CB0AA0778}
		{ED4B2B06-D940-44DF-BDEA-14B901055EF9} = {65B78916-B970-4DAD-BF1F-519CB0AA0778}
		{4CC97E7D-79AA-4183-A9CE-2D7A7A977829} = {65B78916-B970-4DAD-BF1F-519CB0AA0778}
		{C76AC8F8-D4AC-4F63-97D6-2F2B84982CF5} = {65B78916-B970-4DAD-BF1F-519CB0AA0778}
		{0A6C9AB4-34D6-44EF-9ACF-370FC3D86468} = {65B78916-B970-4DAD-BF1F-519CB0AA0778}
		{255D3E9B-F5D6-4122-A235-061AFEC35DDE} = {65B78916-B970-4DAD-BF1F-519CB0AA0778}
		{38F0EFDD-D658-42D0-9D9B-8E808F5929FF} = {65B78916-B970-4DAD-BF1F-519CB0AA0778}
		{551B8ECA-1CDB-4101-A1E9-F43B43D94121} = {65B78916-B970-4DAD-BF1F-519CB0AA0778}
		{F3742245-BAD5-448B-9DFA-A1339CDEAE3E} = {65B78916-B970-4DAD-BF1F-519CB0AA0778}
		{F6061BFF-EF52-4510-A3F3-24DC56CA8C0F} = {65B78916-B970-4DAD-BF1F-519CB0AA0778}
		{712D301C-8DC6-44C1-A6A9-DCAD527C3F46} = {65B78916-B970-4DAD-BF1F-519CB0AA0778}
		{25B155B4-2FA7-4FD0-854C-6EA0D88B75F5} = {65B78916-B970-4DAD-BF1F-519CB0AA0778}
		{54FCBC5D-5F1C-4D55-A810-AD7C6AED57D9} = {65B78916-B970-4DAD-BF1F-519CB0AA0778}
		{55D62970-23A0-4C5B-9949-4381E42A1C98} = {65B78916-B970-4DAD-BF1F-519CB0AA0778}
		{1511E584-C0CB-49BC-BCEC-1BBFE9ADB51A} = {65B78916-B970-4DAD-BF1F-519CB0AA0778}
		{56E3D8C2-0B2A-4572-8E50-1B5B1C1E0BE5} = {65B78916-B970-4DAD-BF1F-519CB0AA0778}
		{767FE6D0-9E37-4C5C-9F89-26DC8F1F4B35} = {7981BCDF-2002-4FEF-8665-DF389393228D}
		{D281DBE0-A26C-4B46-AE83-977EA8EB8A29} = {7981BCDF-2002-4FEF-8665-DF389393228D}
		{5E2690C7-B18A-4160-94F2-760B6FE50A66} = {7981BCDF-2002-4FEF-8665-DF389393228D}
		{CFA14990-F553-4CB7-9546-B63713B7AE25} = {7981BCDF-2002-4FEF-8665-DF389393228D}
		{245A7B6D-A2ED-4DCE-8936-94F7CD2CE72F} = {7981BCDF-2002-4FEF-8665-DF389393228D}
		{6CF0767E-8C88-43CB-8946-CCA870DDA1A7} = {7981BCDF-2002-4FEF-8665-DF389393228D}
		{138022A7-0832-457C-9CF8-CB79B6F1CEB9} = {7981BCDF-2002-4FEF-8665-DF389393228D}
		{F5A94475-EB33-4560-AF7C-C13A717B2387} = {7981BCDF-2002-4FEF-8665-DF389393228D}
		{2FD86DC8-DF72-4A59-A91A-E8B9185C31A6} = {7981BCDF-2002-4FEF-8665-DF389393228D}
		{64DE40AC-B90A-4040-AF25-EED5C52C2C7F} = {7981BCDF-2002-4FEF-8665-DF389393228D}
		{316ABD3A-DF97-49E9-8428-D64527ABA6B7} = {7981BCDF-2002-4FEF-8665-DF389393228D}
		{20493AA1-94C1-4FA0-AB41-1A0C3095A79C} = {C1F6458C-6E13-4DD4-8BB8-BD3EA9417A5C}
		{4AD8475B-5AB5-4E36-8749-7CD73AFBE1A1} = {20493AA1-94C1-4FA0-AB41-1A0C3095A79C}
		{E52F0726-3B23-460D-8870-5A64871AD19E} = {C1F6458C-6E13-4DD4-8BB8-BD3EA9417A5C}
		{3ACC5BF6-3F49-4964-B4B8-B823DD5B29BC} = {20493AA1-94C1-4FA0-AB41-1A0C3095A79C}
		{C76CA825-C470-45BD-9605-84DCD06AE6D1} = {E52F0726-3B23-460D-8870-5A64871AD19E}
		{42C8E1E7-40E0-4787-A326-56049625E5E8} = {E52F0726-3B23-460D-8870-5A64871AD19E}
		{0A960466-A61C-4C2B-B977-3B21E379846B} = {3845A947-78DD-49DE-B0B3-2A66F06D25C6}
		{3BF2BECC-64D2-41AD-A9EA-2A48FAACE977} = {3845A947-78DD-49DE-B0B3-2A66F06D25C6}
		{EE1B1407-E820-4698-A201-4CD19D045E6F} = {3845A947-78DD-49DE-B0B3-2A66F06D25C6}
		{8591706C-22BF-4C9B-B376-D76AA499C272} = {FF340012-88A7-4E39-8D73-7C6283113AF4}
		{A4995097-02D1-4257-8329-850E708D420F} = {FF340012-88A7-4E39-8D73-7C6283113AF4}
		{634D6AC1-3B0E-4D1C-A455-32661822223F} = {FF340012-88A7-4E39-8D73-7C6283113AF4}
		{04BA36EB-63A8-4341-8527-852D598D427E} = {FF340012-88A7-4E39-8D73-7C6283113AF4}
		{9DAE16FA-22F3-4599-9AAB-ED1BEA2A9412} = {FF340012-88A7-4E39-8D73-7C6283113AF4}
		{1841D0E9-2C7A-4833-9E91-5505120795AD} = {FF340012-88A7-4E39-8D73-7C6283113AF4}
		{4E7F52F7-A14E-4737-8BBC-C0D9DCF8597A} = {FF340012-88A7-4E39-8D73-7C6283113AF4}
		{CC306ACF-20D8-46CC-B7E3-00576DF4D469} = {FF340012-88A7-4E39-8D73-7C6283113AF4}
		{D2EB347D-6442-4A66-A697-B52FB914428F} = {FF340012-88A7-4E39-8D73-7C6283113AF4}
		{3F583696-948E-40E0-8CBC-71A87CC5D42A} = {FF340012-88A7-4E39-8D73-7C6283113AF4}
		{6517D879-4675-4414-86B8-13FF3D77A502} = {FF340012-88A7-4E39-8D73-7C6283113AF4}
		{31B97A95-4AA7-437F-8C7C-4BCDF7DD347F} = {FF340012-88A7-4E39-8D73-7C6283113AF4}
		{DAD45C33-7F06-4E08-9DD3-FC6337637997} = {9D08CFF1-48C0-4C65-807A-795E8E3ED90B}
		{2E402447-7995-4059-8055-19B64CE0468E} = {6DD9D9B8-9B2C-4F95-937B-020E9D81DFD5}
		{483EEAC9-B270-4FBE-8599-1FA2C1343CCE} = {6DD9D9B8-9B2C-4F95-937B-020E9D81DFD5}
		{62143163-3952-43A3-B4E3-9B7D9FB16102} = {6DD9D9B8-9B2C-4F95-937B-020E9D81DFD5}
		{BE5A7B5E-5D6D-4BB4-99BF-4534346647D0} = {6DD9D9B8-9B2C-4F95-937B-020E9D81DFD5}
	EndGlobalSection
	GlobalSection(ProjectConfigurationPlatforms) = postSolution
		{FB342C29-5166-46C3-AE4D-C85A4C9E1F89}.Debug|Any CPU.ActiveCfg = Debug|Any CPU
		{FB342C29-5166-46C3-AE4D-C85A4C9E1F89}.Debug|Any CPU.Build.0 = Debug|Any CPU
		{FB342C29-5166-46C3-AE4D-C85A4C9E1F89}.Release|Any CPU.ActiveCfg = Release|Any CPU
		{FB342C29-5166-46C3-AE4D-C85A4C9E1F89}.Release|Any CPU.Build.0 = Release|Any CPU
		{16057400-2B03-46C0-B39D-7FCD0C9CEF40}.Debug|Any CPU.ActiveCfg = Debug|Any CPU
		{16057400-2B03-46C0-B39D-7FCD0C9CEF40}.Debug|Any CPU.Build.0 = Debug|Any CPU
		{16057400-2B03-46C0-B39D-7FCD0C9CEF40}.Release|Any CPU.ActiveCfg = Release|Any CPU
		{16057400-2B03-46C0-B39D-7FCD0C9CEF40}.Release|Any CPU.Build.0 = Release|Any CPU
		{19FEC678-3D8D-4271-A78F-A9A04B41B932}.Debug|Any CPU.ActiveCfg = Debug|Any CPU
		{19FEC678-3D8D-4271-A78F-A9A04B41B932}.Debug|Any CPU.Build.0 = Debug|Any CPU
		{19FEC678-3D8D-4271-A78F-A9A04B41B932}.Release|Any CPU.ActiveCfg = Release|Any CPU
		{19FEC678-3D8D-4271-A78F-A9A04B41B932}.Release|Any CPU.Build.0 = Release|Any CPU
		{1C945E17-018A-4923-A815-68FBB04C9A89}.Debug|Any CPU.ActiveCfg = Debug|Any CPU
		{1C945E17-018A-4923-A815-68FBB04C9A89}.Debug|Any CPU.Build.0 = Debug|Any CPU
		{1C945E17-018A-4923-A815-68FBB04C9A89}.Release|Any CPU.ActiveCfg = Release|Any CPU
		{1C945E17-018A-4923-A815-68FBB04C9A89}.Release|Any CPU.Build.0 = Release|Any CPU
		{0436160E-9E7F-438C-A028-1E3F69C4C0C8}.Debug|Any CPU.ActiveCfg = Debug|Any CPU
		{0436160E-9E7F-438C-A028-1E3F69C4C0C8}.Debug|Any CPU.Build.0 = Debug|Any CPU
		{0436160E-9E7F-438C-A028-1E3F69C4C0C8}.Release|Any CPU.ActiveCfg = Release|Any CPU
		{0436160E-9E7F-438C-A028-1E3F69C4C0C8}.Release|Any CPU.Build.0 = Release|Any CPU
		{9A1ADCCE-B99D-4C04-80EF-3A8B290B2FE3}.Debug|Any CPU.ActiveCfg = Debug|Any CPU
		{9A1ADCCE-B99D-4C04-80EF-3A8B290B2FE3}.Debug|Any CPU.Build.0 = Debug|Any CPU
		{9A1ADCCE-B99D-4C04-80EF-3A8B290B2FE3}.Release|Any CPU.ActiveCfg = Release|Any CPU
		{9A1ADCCE-B99D-4C04-80EF-3A8B290B2FE3}.Release|Any CPU.Build.0 = Release|Any CPU
		{F30FDE6A-74D3-4F81-BA14-E6FCFABAB70A}.Debug|Any CPU.ActiveCfg = Debug|Any CPU
		{F30FDE6A-74D3-4F81-BA14-E6FCFABAB70A}.Debug|Any CPU.Build.0 = Debug|Any CPU
		{F30FDE6A-74D3-4F81-BA14-E6FCFABAB70A}.Release|Any CPU.ActiveCfg = Release|Any CPU
		{F30FDE6A-74D3-4F81-BA14-E6FCFABAB70A}.Release|Any CPU.Build.0 = Release|Any CPU
		{14043404-4FB6-401D-8342-E779DC977393}.Debug|Any CPU.ActiveCfg = Debug|Any CPU
		{14043404-4FB6-401D-8342-E779DC977393}.Debug|Any CPU.Build.0 = Debug|Any CPU
		{14043404-4FB6-401D-8342-E779DC977393}.Release|Any CPU.ActiveCfg = Release|Any CPU
		{14043404-4FB6-401D-8342-E779DC977393}.Release|Any CPU.Build.0 = Release|Any CPU
		{B53B196F-16DA-48F5-9AC2-45051B9F1708}.Debug|Any CPU.ActiveCfg = Debug|Any CPU
		{B53B196F-16DA-48F5-9AC2-45051B9F1708}.Debug|Any CPU.Build.0 = Debug|Any CPU
		{B53B196F-16DA-48F5-9AC2-45051B9F1708}.Release|Any CPU.ActiveCfg = Release|Any CPU
		{B53B196F-16DA-48F5-9AC2-45051B9F1708}.Release|Any CPU.Build.0 = Release|Any CPU
		{F714B245-B643-489A-8C16-B971B02A6FEE}.Debug|Any CPU.ActiveCfg = Debug|Any CPU
		{F714B245-B643-489A-8C16-B971B02A6FEE}.Debug|Any CPU.Build.0 = Debug|Any CPU
		{F714B245-B643-489A-8C16-B971B02A6FEE}.Release|Any CPU.ActiveCfg = Release|Any CPU
		{F714B245-B643-489A-8C16-B971B02A6FEE}.Release|Any CPU.Build.0 = Release|Any CPU
		{ED4B2B06-D940-44DF-BDEA-14B901055EF9}.Debug|Any CPU.ActiveCfg = Debug|Any CPU
		{ED4B2B06-D940-44DF-BDEA-14B901055EF9}.Debug|Any CPU.Build.0 = Debug|Any CPU
		{ED4B2B06-D940-44DF-BDEA-14B901055EF9}.Release|Any CPU.ActiveCfg = Release|Any CPU
		{ED4B2B06-D940-44DF-BDEA-14B901055EF9}.Release|Any CPU.Build.0 = Release|Any CPU
		{4CC97E7D-79AA-4183-A9CE-2D7A7A977829}.Debug|Any CPU.ActiveCfg = Debug|Any CPU
		{4CC97E7D-79AA-4183-A9CE-2D7A7A977829}.Debug|Any CPU.Build.0 = Debug|Any CPU
		{4CC97E7D-79AA-4183-A9CE-2D7A7A977829}.Release|Any CPU.ActiveCfg = Release|Any CPU
		{4CC97E7D-79AA-4183-A9CE-2D7A7A977829}.Release|Any CPU.Build.0 = Release|Any CPU
		{C76AC8F8-D4AC-4F63-97D6-2F2B84982CF5}.Debug|Any CPU.ActiveCfg = Debug|Any CPU
		{C76AC8F8-D4AC-4F63-97D6-2F2B84982CF5}.Debug|Any CPU.Build.0 = Debug|Any CPU
		{C76AC8F8-D4AC-4F63-97D6-2F2B84982CF5}.Release|Any CPU.ActiveCfg = Release|Any CPU
		{C76AC8F8-D4AC-4F63-97D6-2F2B84982CF5}.Release|Any CPU.Build.0 = Release|Any CPU
		{0A6C9AB4-34D6-44EF-9ACF-370FC3D86468}.Debug|Any CPU.ActiveCfg = Debug|Any CPU
		{0A6C9AB4-34D6-44EF-9ACF-370FC3D86468}.Debug|Any CPU.Build.0 = Debug|Any CPU
		{0A6C9AB4-34D6-44EF-9ACF-370FC3D86468}.Release|Any CPU.ActiveCfg = Release|Any CPU
		{0A6C9AB4-34D6-44EF-9ACF-370FC3D86468}.Release|Any CPU.Build.0 = Release|Any CPU
		{255D3E9B-F5D6-4122-A235-061AFEC35DDE}.Debug|Any CPU.ActiveCfg = Debug|Any CPU
		{255D3E9B-F5D6-4122-A235-061AFEC35DDE}.Debug|Any CPU.Build.0 = Debug|Any CPU
		{255D3E9B-F5D6-4122-A235-061AFEC35DDE}.Release|Any CPU.ActiveCfg = Release|Any CPU
		{255D3E9B-F5D6-4122-A235-061AFEC35DDE}.Release|Any CPU.Build.0 = Release|Any CPU
		{38F0EFDD-D658-42D0-9D9B-8E808F5929FF}.Debug|Any CPU.ActiveCfg = Debug|Any CPU
		{38F0EFDD-D658-42D0-9D9B-8E808F5929FF}.Debug|Any CPU.Build.0 = Debug|Any CPU
		{38F0EFDD-D658-42D0-9D9B-8E808F5929FF}.Release|Any CPU.ActiveCfg = Release|Any CPU
		{38F0EFDD-D658-42D0-9D9B-8E808F5929FF}.Release|Any CPU.Build.0 = Release|Any CPU
		{551B8ECA-1CDB-4101-A1E9-F43B43D94121}.Debug|Any CPU.ActiveCfg = Debug|Any CPU
		{551B8ECA-1CDB-4101-A1E9-F43B43D94121}.Debug|Any CPU.Build.0 = Debug|Any CPU
		{551B8ECA-1CDB-4101-A1E9-F43B43D94121}.Release|Any CPU.ActiveCfg = Release|Any CPU
		{551B8ECA-1CDB-4101-A1E9-F43B43D94121}.Release|Any CPU.Build.0 = Release|Any CPU
		{F3742245-BAD5-448B-9DFA-A1339CDEAE3E}.Debug|Any CPU.ActiveCfg = Debug|Any CPU
		{F3742245-BAD5-448B-9DFA-A1339CDEAE3E}.Debug|Any CPU.Build.0 = Debug|Any CPU
		{F3742245-BAD5-448B-9DFA-A1339CDEAE3E}.Release|Any CPU.ActiveCfg = Release|Any CPU
		{F3742245-BAD5-448B-9DFA-A1339CDEAE3E}.Release|Any CPU.Build.0 = Release|Any CPU
		{F6061BFF-EF52-4510-A3F3-24DC56CA8C0F}.Debug|Any CPU.ActiveCfg = Debug|Any CPU
		{F6061BFF-EF52-4510-A3F3-24DC56CA8C0F}.Debug|Any CPU.Build.0 = Debug|Any CPU
		{F6061BFF-EF52-4510-A3F3-24DC56CA8C0F}.Release|Any CPU.ActiveCfg = Release|Any CPU
		{F6061BFF-EF52-4510-A3F3-24DC56CA8C0F}.Release|Any CPU.Build.0 = Release|Any CPU
		{712D301C-8DC6-44C1-A6A9-DCAD527C3F46}.Debug|Any CPU.ActiveCfg = Debug|Any CPU
		{712D301C-8DC6-44C1-A6A9-DCAD527C3F46}.Debug|Any CPU.Build.0 = Debug|Any CPU
		{712D301C-8DC6-44C1-A6A9-DCAD527C3F46}.Release|Any CPU.ActiveCfg = Release|Any CPU
		{712D301C-8DC6-44C1-A6A9-DCAD527C3F46}.Release|Any CPU.Build.0 = Release|Any CPU
		{25B155B4-2FA7-4FD0-854C-6EA0D88B75F5}.Debug|Any CPU.ActiveCfg = Debug|Any CPU
		{25B155B4-2FA7-4FD0-854C-6EA0D88B75F5}.Debug|Any CPU.Build.0 = Debug|Any CPU
		{25B155B4-2FA7-4FD0-854C-6EA0D88B75F5}.Release|Any CPU.ActiveCfg = Release|Any CPU
		{25B155B4-2FA7-4FD0-854C-6EA0D88B75F5}.Release|Any CPU.Build.0 = Release|Any CPU
		{54FCBC5D-5F1C-4D55-A810-AD7C6AED57D9}.Debug|Any CPU.ActiveCfg = Debug|Any CPU
		{54FCBC5D-5F1C-4D55-A810-AD7C6AED57D9}.Debug|Any CPU.Build.0 = Debug|Any CPU
		{54FCBC5D-5F1C-4D55-A810-AD7C6AED57D9}.Release|Any CPU.ActiveCfg = Release|Any CPU
		{54FCBC5D-5F1C-4D55-A810-AD7C6AED57D9}.Release|Any CPU.Build.0 = Release|Any CPU
		{55D62970-23A0-4C5B-9949-4381E42A1C98}.Debug|Any CPU.ActiveCfg = Debug|Any CPU
		{55D62970-23A0-4C5B-9949-4381E42A1C98}.Debug|Any CPU.Build.0 = Debug|Any CPU
		{55D62970-23A0-4C5B-9949-4381E42A1C98}.Release|Any CPU.ActiveCfg = Release|Any CPU
		{55D62970-23A0-4C5B-9949-4381E42A1C98}.Release|Any CPU.Build.0 = Release|Any CPU
		{1511E584-C0CB-49BC-BCEC-1BBFE9ADB51A}.Debug|Any CPU.ActiveCfg = Debug|Any CPU
		{1511E584-C0CB-49BC-BCEC-1BBFE9ADB51A}.Debug|Any CPU.Build.0 = Debug|Any CPU
		{1511E584-C0CB-49BC-BCEC-1BBFE9ADB51A}.Release|Any CPU.ActiveCfg = Release|Any CPU
		{1511E584-C0CB-49BC-BCEC-1BBFE9ADB51A}.Release|Any CPU.Build.0 = Release|Any CPU
		{56E3D8C2-0B2A-4572-8E50-1B5B1C1E0BE5}.Debug|Any CPU.ActiveCfg = Debug|Any CPU
		{56E3D8C2-0B2A-4572-8E50-1B5B1C1E0BE5}.Debug|Any CPU.Build.0 = Debug|Any CPU
		{56E3D8C2-0B2A-4572-8E50-1B5B1C1E0BE5}.Release|Any CPU.ActiveCfg = Release|Any CPU
		{56E3D8C2-0B2A-4572-8E50-1B5B1C1E0BE5}.Release|Any CPU.Build.0 = Release|Any CPU
		{767FE6D0-9E37-4C5C-9F89-26DC8F1F4B35}.Debug|Any CPU.ActiveCfg = Debug|Any CPU
		{767FE6D0-9E37-4C5C-9F89-26DC8F1F4B35}.Debug|Any CPU.Build.0 = Debug|Any CPU
		{767FE6D0-9E37-4C5C-9F89-26DC8F1F4B35}.Release|Any CPU.ActiveCfg = Release|Any CPU
		{767FE6D0-9E37-4C5C-9F89-26DC8F1F4B35}.Release|Any CPU.Build.0 = Release|Any CPU
		{D281DBE0-A26C-4B46-AE83-977EA8EB8A29}.Debug|Any CPU.ActiveCfg = Debug|Any CPU
		{D281DBE0-A26C-4B46-AE83-977EA8EB8A29}.Debug|Any CPU.Build.0 = Debug|Any CPU
		{D281DBE0-A26C-4B46-AE83-977EA8EB8A29}.Release|Any CPU.ActiveCfg = Release|Any CPU
		{D281DBE0-A26C-4B46-AE83-977EA8EB8A29}.Release|Any CPU.Build.0 = Release|Any CPU
		{5E2690C7-B18A-4160-94F2-760B6FE50A66}.Debug|Any CPU.ActiveCfg = Debug|Any CPU
		{5E2690C7-B18A-4160-94F2-760B6FE50A66}.Debug|Any CPU.Build.0 = Debug|Any CPU
		{5E2690C7-B18A-4160-94F2-760B6FE50A66}.Release|Any CPU.ActiveCfg = Release|Any CPU
		{5E2690C7-B18A-4160-94F2-760B6FE50A66}.Release|Any CPU.Build.0 = Release|Any CPU
		{CFA14990-F553-4CB7-9546-B63713B7AE25}.Debug|Any CPU.ActiveCfg = Debug|Any CPU
		{CFA14990-F553-4CB7-9546-B63713B7AE25}.Debug|Any CPU.Build.0 = Debug|Any CPU
		{CFA14990-F553-4CB7-9546-B63713B7AE25}.Release|Any CPU.ActiveCfg = Release|Any CPU
		{CFA14990-F553-4CB7-9546-B63713B7AE25}.Release|Any CPU.Build.0 = Release|Any CPU
		{245A7B6D-A2ED-4DCE-8936-94F7CD2CE72F}.Debug|Any CPU.ActiveCfg = Debug|Any CPU
		{245A7B6D-A2ED-4DCE-8936-94F7CD2CE72F}.Debug|Any CPU.Build.0 = Debug|Any CPU
		{245A7B6D-A2ED-4DCE-8936-94F7CD2CE72F}.Release|Any CPU.ActiveCfg = Release|Any CPU
		{245A7B6D-A2ED-4DCE-8936-94F7CD2CE72F}.Release|Any CPU.Build.0 = Release|Any CPU
		{6CF0767E-8C88-43CB-8946-CCA870DDA1A7}.Debug|Any CPU.ActiveCfg = Debug|Any CPU
		{6CF0767E-8C88-43CB-8946-CCA870DDA1A7}.Debug|Any CPU.Build.0 = Debug|Any CPU
		{6CF0767E-8C88-43CB-8946-CCA870DDA1A7}.Release|Any CPU.ActiveCfg = Release|Any CPU
		{6CF0767E-8C88-43CB-8946-CCA870DDA1A7}.Release|Any CPU.Build.0 = Release|Any CPU
		{138022A7-0832-457C-9CF8-CB79B6F1CEB9}.Debug|Any CPU.ActiveCfg = Debug|Any CPU
		{138022A7-0832-457C-9CF8-CB79B6F1CEB9}.Debug|Any CPU.Build.0 = Debug|Any CPU
		{138022A7-0832-457C-9CF8-CB79B6F1CEB9}.Release|Any CPU.ActiveCfg = Release|Any CPU
		{138022A7-0832-457C-9CF8-CB79B6F1CEB9}.Release|Any CPU.Build.0 = Release|Any CPU
		{F5A94475-EB33-4560-AF7C-C13A717B2387}.Debug|Any CPU.ActiveCfg = Debug|Any CPU
		{F5A94475-EB33-4560-AF7C-C13A717B2387}.Debug|Any CPU.Build.0 = Debug|Any CPU
		{F5A94475-EB33-4560-AF7C-C13A717B2387}.Release|Any CPU.ActiveCfg = Release|Any CPU
		{F5A94475-EB33-4560-AF7C-C13A717B2387}.Release|Any CPU.Build.0 = Release|Any CPU
		{2FD86DC8-DF72-4A59-A91A-E8B9185C31A6}.Debug|Any CPU.ActiveCfg = Debug|Any CPU
		{2FD86DC8-DF72-4A59-A91A-E8B9185C31A6}.Debug|Any CPU.Build.0 = Debug|Any CPU
		{2FD86DC8-DF72-4A59-A91A-E8B9185C31A6}.Release|Any CPU.ActiveCfg = Release|Any CPU
		{2FD86DC8-DF72-4A59-A91A-E8B9185C31A6}.Release|Any CPU.Build.0 = Release|Any CPU
		{64DE40AC-B90A-4040-AF25-EED5C52C2C7F}.Debug|Any CPU.ActiveCfg = Debug|Any CPU
		{64DE40AC-B90A-4040-AF25-EED5C52C2C7F}.Debug|Any CPU.Build.0 = Debug|Any CPU
		{64DE40AC-B90A-4040-AF25-EED5C52C2C7F}.Release|Any CPU.ActiveCfg = Release|Any CPU
		{64DE40AC-B90A-4040-AF25-EED5C52C2C7F}.Release|Any CPU.Build.0 = Release|Any CPU
		{316ABD3A-DF97-49E9-8428-D64527ABA6B7}.Debug|Any CPU.ActiveCfg = Debug|Any CPU
		{316ABD3A-DF97-49E9-8428-D64527ABA6B7}.Debug|Any CPU.Build.0 = Debug|Any CPU
		{316ABD3A-DF97-49E9-8428-D64527ABA6B7}.Release|Any CPU.ActiveCfg = Release|Any CPU
		{316ABD3A-DF97-49E9-8428-D64527ABA6B7}.Release|Any CPU.Build.0 = Release|Any CPU
		{4AD8475B-5AB5-4E36-8749-7CD73AFBE1A1}.Debug|Any CPU.ActiveCfg = Debug|Any CPU
		{4AD8475B-5AB5-4E36-8749-7CD73AFBE1A1}.Debug|Any CPU.Build.0 = Debug|Any CPU
		{4AD8475B-5AB5-4E36-8749-7CD73AFBE1A1}.Release|Any CPU.ActiveCfg = Release|Any CPU
		{4AD8475B-5AB5-4E36-8749-7CD73AFBE1A1}.Release|Any CPU.Build.0 = Release|Any CPU
		{3ACC5BF6-3F49-4964-B4B8-B823DD5B29BC}.Debug|Any CPU.ActiveCfg = Debug|Any CPU
		{3ACC5BF6-3F49-4964-B4B8-B823DD5B29BC}.Debug|Any CPU.Build.0 = Debug|Any CPU
		{3ACC5BF6-3F49-4964-B4B8-B823DD5B29BC}.Release|Any CPU.ActiveCfg = Release|Any CPU
		{3ACC5BF6-3F49-4964-B4B8-B823DD5B29BC}.Release|Any CPU.Build.0 = Release|Any CPU
		{C76CA825-C470-45BD-9605-84DCD06AE6D1}.Debug|Any CPU.ActiveCfg = Debug|Any CPU
		{C76CA825-C470-45BD-9605-84DCD06AE6D1}.Debug|Any CPU.Build.0 = Debug|Any CPU
		{C76CA825-C470-45BD-9605-84DCD06AE6D1}.Release|Any CPU.ActiveCfg = Release|Any CPU
		{C76CA825-C470-45BD-9605-84DCD06AE6D1}.Release|Any CPU.Build.0 = Release|Any CPU
		{42C8E1E7-40E0-4787-A326-56049625E5E8}.Debug|Any CPU.ActiveCfg = Debug|Any CPU
		{42C8E1E7-40E0-4787-A326-56049625E5E8}.Debug|Any CPU.Build.0 = Debug|Any CPU
		{42C8E1E7-40E0-4787-A326-56049625E5E8}.Release|Any CPU.ActiveCfg = Release|Any CPU
		{42C8E1E7-40E0-4787-A326-56049625E5E8}.Release|Any CPU.Build.0 = Release|Any CPU
		{0A960466-A61C-4C2B-B977-3B21E379846B}.Debug|Any CPU.ActiveCfg = Debug|Any CPU
		{0A960466-A61C-4C2B-B977-3B21E379846B}.Debug|Any CPU.Build.0 = Debug|Any CPU
		{0A960466-A61C-4C2B-B977-3B21E379846B}.Release|Any CPU.ActiveCfg = Release|Any CPU
		{0A960466-A61C-4C2B-B977-3B21E379846B}.Release|Any CPU.Build.0 = Release|Any CPU
		{3BF2BECC-64D2-41AD-A9EA-2A48FAACE977}.Debug|Any CPU.ActiveCfg = Debug|Any CPU
		{3BF2BECC-64D2-41AD-A9EA-2A48FAACE977}.Debug|Any CPU.Build.0 = Debug|Any CPU
		{3BF2BECC-64D2-41AD-A9EA-2A48FAACE977}.Release|Any CPU.ActiveCfg = Release|Any CPU
		{3BF2BECC-64D2-41AD-A9EA-2A48FAACE977}.Release|Any CPU.Build.0 = Release|Any CPU
		{EE1B1407-E820-4698-A201-4CD19D045E6F}.Debug|Any CPU.ActiveCfg = Debug|Any CPU
		{EE1B1407-E820-4698-A201-4CD19D045E6F}.Debug|Any CPU.Build.0 = Debug|Any CPU
		{EE1B1407-E820-4698-A201-4CD19D045E6F}.Release|Any CPU.ActiveCfg = Release|Any CPU
		{EE1B1407-E820-4698-A201-4CD19D045E6F}.Release|Any CPU.Build.0 = Release|Any CPU
		{8591706C-22BF-4C9B-B376-D76AA499C272}.Debug|Any CPU.ActiveCfg = Debug|Any CPU
		{8591706C-22BF-4C9B-B376-D76AA499C272}.Debug|Any CPU.Build.0 = Debug|Any CPU
		{8591706C-22BF-4C9B-B376-D76AA499C272}.Release|Any CPU.ActiveCfg = Release|Any CPU
		{8591706C-22BF-4C9B-B376-D76AA499C272}.Release|Any CPU.Build.0 = Release|Any CPU
		{A4995097-02D1-4257-8329-850E708D420F}.Debug|Any CPU.ActiveCfg = Debug|Any CPU
		{A4995097-02D1-4257-8329-850E708D420F}.Debug|Any CPU.Build.0 = Debug|Any CPU
		{A4995097-02D1-4257-8329-850E708D420F}.Release|Any CPU.ActiveCfg = Release|Any CPU
		{A4995097-02D1-4257-8329-850E708D420F}.Release|Any CPU.Build.0 = Release|Any CPU
		{634D6AC1-3B0E-4D1C-A455-32661822223F}.Debug|Any CPU.ActiveCfg = Debug|Any CPU
		{634D6AC1-3B0E-4D1C-A455-32661822223F}.Debug|Any CPU.Build.0 = Debug|Any CPU
		{634D6AC1-3B0E-4D1C-A455-32661822223F}.Release|Any CPU.ActiveCfg = Release|Any CPU
		{634D6AC1-3B0E-4D1C-A455-32661822223F}.Release|Any CPU.Build.0 = Release|Any CPU
		{04BA36EB-63A8-4341-8527-852D598D427E}.Debug|Any CPU.ActiveCfg = Debug|Any CPU
		{04BA36EB-63A8-4341-8527-852D598D427E}.Debug|Any CPU.Build.0 = Debug|Any CPU
		{04BA36EB-63A8-4341-8527-852D598D427E}.Release|Any CPU.ActiveCfg = Release|Any CPU
		{04BA36EB-63A8-4341-8527-852D598D427E}.Release|Any CPU.Build.0 = Release|Any CPU
		{9DAE16FA-22F3-4599-9AAB-ED1BEA2A9412}.Debug|Any CPU.ActiveCfg = Debug|Any CPU
		{9DAE16FA-22F3-4599-9AAB-ED1BEA2A9412}.Debug|Any CPU.Build.0 = Debug|Any CPU
		{9DAE16FA-22F3-4599-9AAB-ED1BEA2A9412}.Release|Any CPU.ActiveCfg = Release|Any CPU
		{9DAE16FA-22F3-4599-9AAB-ED1BEA2A9412}.Release|Any CPU.Build.0 = Release|Any CPU
		{1841D0E9-2C7A-4833-9E91-5505120795AD}.Debug|Any CPU.ActiveCfg = Debug|Any CPU
		{1841D0E9-2C7A-4833-9E91-5505120795AD}.Debug|Any CPU.Build.0 = Debug|Any CPU
		{1841D0E9-2C7A-4833-9E91-5505120795AD}.Release|Any CPU.ActiveCfg = Release|Any CPU
		{1841D0E9-2C7A-4833-9E91-5505120795AD}.Release|Any CPU.Build.0 = Release|Any CPU
		{4E7F52F7-A14E-4737-8BBC-C0D9DCF8597A}.Debug|Any CPU.ActiveCfg = Debug|Any CPU
		{4E7F52F7-A14E-4737-8BBC-C0D9DCF8597A}.Debug|Any CPU.Build.0 = Debug|Any CPU
		{4E7F52F7-A14E-4737-8BBC-C0D9DCF8597A}.Release|Any CPU.ActiveCfg = Release|Any CPU
		{4E7F52F7-A14E-4737-8BBC-C0D9DCF8597A}.Release|Any CPU.Build.0 = Release|Any CPU
		{CC306ACF-20D8-46CC-B7E3-00576DF4D469}.Debug|Any CPU.ActiveCfg = Debug|Any CPU
		{CC306ACF-20D8-46CC-B7E3-00576DF4D469}.Debug|Any CPU.Build.0 = Debug|Any CPU
		{CC306ACF-20D8-46CC-B7E3-00576DF4D469}.Release|Any CPU.ActiveCfg = Release|Any CPU
		{CC306ACF-20D8-46CC-B7E3-00576DF4D469}.Release|Any CPU.Build.0 = Release|Any CPU
		{D2EB347D-6442-4A66-A697-B52FB914428F}.Debug|Any CPU.ActiveCfg = Debug|Any CPU
		{D2EB347D-6442-4A66-A697-B52FB914428F}.Debug|Any CPU.Build.0 = Debug|Any CPU
		{D2EB347D-6442-4A66-A697-B52FB914428F}.Release|Any CPU.ActiveCfg = Release|Any CPU
		{D2EB347D-6442-4A66-A697-B52FB914428F}.Release|Any CPU.Build.0 = Release|Any CPU
		{3F583696-948E-40E0-8CBC-71A87CC5D42A}.Debug|Any CPU.ActiveCfg = Debug|Any CPU
		{3F583696-948E-40E0-8CBC-71A87CC5D42A}.Debug|Any CPU.Build.0 = Debug|Any CPU
		{3F583696-948E-40E0-8CBC-71A87CC5D42A}.Release|Any CPU.ActiveCfg = Release|Any CPU
		{3F583696-948E-40E0-8CBC-71A87CC5D42A}.Release|Any CPU.Build.0 = Release|Any CPU
		{6517D879-4675-4414-86B8-13FF3D77A502}.Debug|Any CPU.ActiveCfg = Debug|Any CPU
		{6517D879-4675-4414-86B8-13FF3D77A502}.Debug|Any CPU.Build.0 = Debug|Any CPU
		{6517D879-4675-4414-86B8-13FF3D77A502}.Release|Any CPU.ActiveCfg = Release|Any CPU
		{6517D879-4675-4414-86B8-13FF3D77A502}.Release|Any CPU.Build.0 = Release|Any CPU
		{31B97A95-4AA7-437F-8C7C-4BCDF7DD347F}.Debug|Any CPU.ActiveCfg = Debug|Any CPU
		{31B97A95-4AA7-437F-8C7C-4BCDF7DD347F}.Debug|Any CPU.Build.0 = Debug|Any CPU
		{31B97A95-4AA7-437F-8C7C-4BCDF7DD347F}.Release|Any CPU.ActiveCfg = Release|Any CPU
		{31B97A95-4AA7-437F-8C7C-4BCDF7DD347F}.Release|Any CPU.Build.0 = Release|Any CPU
		{DAD45C33-7F06-4E08-9DD3-FC6337637997}.Debug|Any CPU.ActiveCfg = Debug|Any CPU
		{DAD45C33-7F06-4E08-9DD3-FC6337637997}.Debug|Any CPU.Build.0 = Debug|Any CPU
		{DAD45C33-7F06-4E08-9DD3-FC6337637997}.Release|Any CPU.ActiveCfg = Release|Any CPU
		{DAD45C33-7F06-4E08-9DD3-FC6337637997}.Release|Any CPU.Build.0 = Release|Any CPU
		{2E402447-7995-4059-8055-19B64CE0468E}.Debug|Any CPU.ActiveCfg = Debug|Any CPU
		{2E402447-7995-4059-8055-19B64CE0468E}.Debug|Any CPU.Build.0 = Debug|Any CPU
		{2E402447-7995-4059-8055-19B64CE0468E}.Release|Any CPU.ActiveCfg = Release|Any CPU
		{2E402447-7995-4059-8055-19B64CE0468E}.Release|Any CPU.Build.0 = Release|Any CPU
		{483EEAC9-B270-4FBE-8599-1FA2C1343CCE}.Debug|Any CPU.ActiveCfg = Debug|Any CPU
		{483EEAC9-B270-4FBE-8599-1FA2C1343CCE}.Debug|Any CPU.Build.0 = Debug|Any CPU
		{483EEAC9-B270-4FBE-8599-1FA2C1343CCE}.Release|Any CPU.ActiveCfg = Release|Any CPU
		{483EEAC9-B270-4FBE-8599-1FA2C1343CCE}.Release|Any CPU.Build.0 = Release|Any CPU
		{62143163-3952-43A3-B4E3-9B7D9FB16102}.Debug|Any CPU.ActiveCfg = Debug|Any CPU
		{62143163-3952-43A3-B4E3-9B7D9FB16102}.Debug|Any CPU.Build.0 = Debug|Any CPU
		{62143163-3952-43A3-B4E3-9B7D9FB16102}.Release|Any CPU.ActiveCfg = Release|Any CPU
		{62143163-3952-43A3-B4E3-9B7D9FB16102}.Release|Any CPU.Build.0 = Release|Any CPU
		{BE5A7B5E-5D6D-4BB4-99BF-4534346647D0}.Debug|Any CPU.ActiveCfg = Debug|Any CPU
		{BE5A7B5E-5D6D-4BB4-99BF-4534346647D0}.Debug|Any CPU.Build.0 = Debug|Any CPU
		{BE5A7B5E-5D6D-4BB4-99BF-4534346647D0}.Release|Any CPU.ActiveCfg = Release|Any CPU
		{BE5A7B5E-5D6D-4BB4-99BF-4534346647D0}.Release|Any CPU.Build.0 = Release|Any CPU
	EndGlobalSection
EndGlobal
